
Microsoft Visual Studio Solution File, Format Version 12.00
# Visual Studio 15
VisualStudioVersion = 15.0.28307.168
MinimumVisualStudioVersion = 10.0.40219.1
Project("{FAE04EC0-301F-11D3-BF4B-00C04F79EFBC}") = "HK.Email.Web", "HK.Email.Web\HK.Email.Web.csproj", "{325736BF-989E-4574-AE00-4809739992F5}"
EndProject
Global
	GlobalSection(SolutionConfigurationPlatforms) = preSolution
		Debug|Any CPU = Debug|Any CPU
		Release|Any CPU = Release|Any CPU
	EndGlobalSection
	GlobalSection(ProjectConfigurationPlatforms) = postSolution
		{325736BF-989E-4574-AE00-4809739992F5}.Debug|Any CPU.ActiveCfg = Debug|Any CPU
		{325736BF-989E-4574-AE00-4809739992F5}.Debug|Any CPU.Build.0 = Debug|Any CPU
		{325736BF-989E-4574-AE00-4809739992F5}.Release|Any CPU.ActiveCfg = Release|Any CPU
		{325736BF-989E-4574-AE00-4809739992F5}.Release|Any CPU.Build.0 = Release|Any CPU
	EndGlobalSection
	GlobalSection(SolutionProperties) = preSolution
		HideSolutionNode = FALSE
	EndGlobalSection
	GlobalSection(ExtensibilityGlobals) = postSolution
		SolutionGuid = {62CCD917-E158-478F-B3BA-EE4E6B53BDEF}
	EndGlobalSection
EndGlobal
